{
  "name": "price-parser-puppeteer",
  "version": "1.0.0",
  "lockfileVersion": 3,
  "requires": true,
  "packages": {
    "": {
      "name": "price-parser-puppeteer",
      "version": "1.0.0",
      "dependencies": {
        "puppeteer": "^21.0.0"
      },
      "engines": {
        "node": ">=18.0.0"
      }
    },
    "node_modules/puppeteer": {
      "version": "21.0.0",
      "resolved": "https://registry.npmjs.org/puppeteer/-/puppeteer-21.0.0.tgz",
      "integrity": "sha512-9ep/5Z3eS9Y+TrgWq5gJt/PDiJodpK8cYj4R5Kt46k+duB1x9k7FX6XW8v5Q0pU9pEKOhgQpYS2/gyZvA2U6gw==",
      "dependencies": {
        "@puppeteer/browsers": "1.8.0",
        "puppeteer-core": "21.0.0"
      },
      "bin": {
        "puppeteer": "lib/cjs/puppeteer/cli.js"
      },
      "engines": {
        "node": ">=18.0.0"
      }
    }
  }
}
