{
  "name": "price-parser-puppeteer",
  "version": "1.0.0",
  "lockfileVersion": 3,
  "requires": true,
  "packages": {
    "": {
      "name": "price-parser-puppeteer",
      "version": "1.0.0",
      "dependencies": {
        "puppeteer": "^21.0.0"
      },
      "engines": {
        "node": ">=18.0.0"
      }
    }
  }
}
